
Microsoft Visual Studio Solution File, Format Version 12.00
Project("{FAE04EC0-301F-11D3-BF4B-00C04F79EFBC}") = "WhisperMap", "WhisperMap\WhisperMap.csproj", "{CD52F231-A715-48A9-8C33-B7D36C80BF20}"
EndProject
Project("{FAE04EC0-301F-11D3-BF4B-00C04F79EFBC}") = "XatiCraft", "XatiCraft\XatiCraft.csproj", "{6C6140D7-369A-457A-B536-F7286F582F12}"
EndProject
Project("{FAE04EC0-301F-11D3-BF4B-00C04F79EFBC}") = "Healthcheck", "Healthcheck\Healthcheck.csproj", "{97905F84-85D0-41D6-8827-2DA30AB19A95}"
EndProject
Project("{2150E333-8FDC-42A3-9474-1A3956D46DE8}") = "Solution Items", "Solution Items", "{A051DC81-D8DA-4172-9125-618F6CDE7D76}"
	ProjectSection(SolutionItems) = preProject
		compose.yaml = compose.yaml
		nginx.conf = nginx.conf
	EndProjectSection
EndProject
Global
	GlobalSection(SolutionConfigurationPlatforms) = preSolution
		Debug|Any CPU = Debug|Any CPU
		Release|Any CPU = Release|Any CPU
	EndGlobalSection
	GlobalSection(ProjectConfigurationPlatforms) = postSolution
		{CD52F231-A715-48A9-8C33-B7D36C80BF20}.Debug|Any CPU.ActiveCfg = Debug|Any CPU
		{CD52F231-A715-48A9-8C33-B7D36C80BF20}.Debug|Any CPU.Build.0 = Debug|Any CPU
		{CD52F231-A715-48A9-8C33-B7D36C80BF20}.Release|Any CPU.ActiveCfg = Release|Any CPU
		{CD52F231-A715-48A9-8C33-B7D36C80BF20}.Release|Any CPU.Build.0 = Release|Any CPU
		{6C6140D7-369A-457A-B536-F7286F582F12}.Debug|Any CPU.ActiveCfg = Debug|Any CPU
		{6C6140D7-369A-457A-B536-F7286F582F12}.Debug|Any CPU.Build.0 = Debug|Any CPU
		{6C6140D7-369A-457A-B536-F7286F582F12}.Release|Any CPU.ActiveCfg = Release|Any CPU
		{6C6140D7-369A-457A-B536-F7286F582F12}.Release|Any CPU.Build.0 = Release|Any CPU
		{97905F84-85D0-41D6-8827-2DA30AB19A95}.Debug|Any CPU.ActiveCfg = Debug|Any CPU
		{97905F84-85D0-41D6-8827-2DA30AB19A95}.Debug|Any CPU.Build.0 = Debug|Any CPU
		{97905F84-85D0-41D6-8827-2DA30AB19A95}.Release|Any CPU.ActiveCfg = Release|Any CPU
		{97905F84-85D0-41D6-8827-2DA30AB19A95}.Release|Any CPU.Build.0 = Release|Any CPU
	EndGlobalSection
EndGlobal
